
Microsoft Visual Studio Solution File, Format Version 12.00
# Visual Studio Version 17
VisualStudioVersion = 17.9.34902.65
MinimumVisualStudioVersion = 10.0.40219.1
Project("{8BC9CEB8-8B4A-11D0-8D11-00A0C91BC942}") = "IoC", "IoC.vcxproj", "{61A3CF5B-181B-4535-B06D-BD0F94998D79}"
EndProject
Project("{8BC9CEB8-8B4A-11D0-8D11-00A0C91BC942}") = "IoC_TDD", "IoC_TDD\IoC_TDD.vcxproj", "{02DBB063-C377-4167-B1D7-99BCCF96AD7C}"
EndProject
Global
	GlobalSection(SolutionConfigurationPlatforms) = preSolution
		Debug|x64 = Debug|x64
		Debug|x86 = Debug|x86
		Release|x64 = Release|x64
		Release|x86 = Release|x86
	EndGlobalSection
	GlobalSection(ProjectConfigurationPlatforms) = postSolution
		{61A3CF5B-181B-4535-B06D-BD0F94998D79}.Debug|x64.ActiveCfg = Debug|x64
		{61A3CF5B-181B-4535-B06D-BD0F94998D79}.Debug|x64.Build.0 = Debug|x64
		{61A3CF5B-181B-4535-B06D-BD0F94998D79}.Debug|x86.ActiveCfg = Debug|Win32
		{61A3CF5B-181B-4535-B06D-BD0F94998D79}.Debug|x86.Build.0 = Debug|Win32
		{61A3CF5B-181B-4535-B06D-BD0F94998D79}.Release|x64.ActiveCfg = Release|x64
		{61A3CF5B-181B-4535-B06D-BD0F94998D79}.Release|x64.Build.0 = Release|x64
		{61A3CF5B-181B-4535-B06D-BD0F94998D79}.Release|x86.ActiveCfg = Release|Win32
		{61A3CF5B-181B-4535-B06D-BD0F94998D79}.Release|x86.Build.0 = Release|Win32
		{02DBB063-C377-4167-B1D7-99BCCF96AD7C}.Debug|x64.ActiveCfg = Debug|x64
		{02DBB063-C377-4167-B1D7-99BCCF96AD7C}.Debug|x64.Build.0 = Debug|x64
		{02DBB063-C377-4167-B1D7-99BCCF96AD7C}.Debug|x86.ActiveCfg = Debug|Win32
		{02DBB063-C377-4167-B1D7-99BCCF96AD7C}.Debug|x86.Build.0 = Debug|Win32
		{02DBB063-C377-4167-B1D7-99BCCF96AD7C}.Release|x64.ActiveCfg = Release|x64
		{02DBB063-C377-4167-B1D7-99BCCF96AD7C}.Release|x64.Build.0 = Release|x64
		{02DBB063-C377-4167-B1D7-99BCCF96AD7C}.Release|x86.ActiveCfg = Release|Win32
		{02DBB063-C377-4167-B1D7-99BCCF96AD7C}.Release|x86.Build.0 = Release|Win32
	EndGlobalSection
	GlobalSection(SolutionProperties) = preSolution
		HideSolutionNode = FALSE
	EndGlobalSection
	GlobalSection(ExtensibilityGlobals) = postSolution
		SolutionGuid = {735597F4-FDC8-4EAF-929C-F26ACECB096A}
	EndGlobalSection
EndGlobal
